Microsoft Visual Studio Solution File, Format Version 12.00
# Visual Studio Version 17
VisualStudioVersion = 17.5.2.0
MinimumVisualStudioVersion = 10.0.40219.1
Project("{FAE04EC0-301F-11D3-BF4B-00C04F79EFBC}") = "AirportDemo", "AirportDemo.csproj", "{CAA4E647-E184-6B05-1667-9D4BF7DB9570}"
EndProject
Global
	GlobalSection(SolutionConfigurationPlatforms) = preSolution
		Debug|Any CPU = Debug|Any CPU
		Release|Any CPU = Release|Any CPU
	EndGlobalSection
	GlobalSection(ProjectConfigurationPlatforms) = postSolution
		{CAA4E647-E184-6B05-1667-9D4BF7DB9570}.Debug|Any CPU.ActiveCfg = Debug|Any CPU
		{CAA4E647-E184-6B05-1667-9D4BF7DB9570}.Debug|Any CPU.Build.0 = Debug|Any CPU
		{CAA4E647-E184-6B05-1667-9D4BF7DB9570}.Release|Any CPU.ActiveCfg = Release|Any CPU
		{CAA4E647-E184-6B05-1667-9D4BF7DB9570}.Release|Any CPU.Build.0 = Release|Any CPU
	EndGlobalSection
	GlobalSection(SolutionProperties) = preSolution
		HideSolutionNode = FALSE
	EndGlobalSection
	GlobalSection(ExtensibilityGlobals) = postSolution
		SolutionGuid = {146CB8E1-429E-42AE-AA2C-07CCBFE790C3}
	EndGlobalSection
EndGlobal
